
Microsoft Visual Studio Solution File, Format Version 12.00
# Visual Studio Version 16
VisualStudioVersion = 16.0.29806.167
MinimumVisualStudioVersion = 10.0.40219.1
Project("{FAE04EC0-301F-11D3-BF4B-00C04F79EFBC}") = "ClassLibraryBikeBusLayer", "ClassLibraryBikeBusLayer.csproj", "{6FB61EBA-AB29-4897-9EA9-2EE7C92A909C}"
EndProject
Global
	GlobalSection(SolutionConfigurationPlatforms) = preSolution
		Debug|Any CPU = Debug|Any CPU
		Release|Any CPU = Release|Any CPU
	EndGlobalSection
	GlobalSection(ProjectConfigurationPlatforms) = postSolution
		{6FB61EBA-AB29-4897-9EA9-2EE7C92A909C}.Debug|Any CPU.ActiveCfg = Debug|Any CPU
		{6FB61EBA-AB29-4897-9EA9-2EE7C92A909C}.Debug|Any CPU.Build.0 = Debug|Any CPU
		{6FB61EBA-AB29-4897-9EA9-2EE7C92A909C}.Release|Any CPU.ActiveCfg = Release|Any CPU
		{6FB61EBA-AB29-4897-9EA9-2EE7C92A909C}.Release|Any CPU.Build.0 = Release|Any CPU
	EndGlobalSection
	GlobalSection(SolutionProperties) = preSolution
		HideSolutionNode = FALSE
	EndGlobalSection
	GlobalSection(ExtensibilityGlobals) = postSolution
		SolutionGuid = {EA30C6B3-1F01-4B05-8F98-8E3DBF3C88CF}
	EndGlobalSection
EndGlobal
